<Solution>
  <Project Path="Financeiro.AppHost/Financeiro.AppHost.csproj" />
  <Project Path="Financeiro.ServiceDefaults/Financeiro.ServiceDefaults.csproj" />
  <Project Path="src/Services/Services.csproj" />
  <Project Path="src/WebApp/WebApp.Client/WebApp.Client.csproj" />
  <Project Path="src/WebApp/WebApp/WebApp.csproj" />
  <Project Path="Tests/Tests.csproj" />
</Solution>
